// !$*UTF8*$!
{
	archiveVersion = 1;
	classes = {
	};
	objectVersion = 51;
	objects = {

/* Begin PBXBuildFile section */
		2EB4C2508F849BA6052DA484 /* Pods_MemoApplicationTests.framework in Frameworks */ = {isa = PBXBuildFile; fileRef = BC8CCB077A91BA47BBA520B1 /* Pods_MemoApplicationTests.framework */; };
		FB4F7D2346A57DD5516895FA /* Pods_MemoApplication.framework in Frameworks */ = {isa = PBXBuildFile; fileRef = 6F442AB87DCE77660A33ECC2 /* Pods_MemoApplication.framework */; };
		FF16549B23F3B5810004D919 /* AppDelegate.swift in Sources */ = {isa = PBXBuildFile; fileRef = FF16549A23F3B5810004D919 /* AppDelegate.swift */; };
		FF16549F23F3B5810004D919 /* MemoListViewController.swift in Sources */ = {isa = PBXBuildFile; fileRef = FF16549E23F3B5810004D919 /* MemoListViewController.swift */; };
		FF1654A223F3B5810004D919 /* Main.storyboard in Resources */ = {isa = PBXBuildFile; fileRef = FF1654A023F3B5810004D919 /* Main.storyboard */; };
		FF1654A423F3B5830004D919 /* Assets.xcassets in Resources */ = {isa = PBXBuildFile; fileRef = FF1654A323F3B5830004D919 /* Assets.xcassets */; };
		FF1654A723F3B5830004D919 /* LaunchScreen.storyboard in Resources */ = {isa = PBXBuildFile; fileRef = FF1654A523F3B5830004D919 /* LaunchScreen.storyboard */; };
		FF1654BD23F3BBD70004D919 /* CustomTableViewCell.swift in Sources */ = {isa = PBXBuildFile; fileRef = FF1654BC23F3BBD70004D919 /* CustomTableViewCell.swift */; };
		FF1654BF23F3C1400004D919 /* MemoDetailViewController.swift in Sources */ = {isa = PBXBuildFile; fileRef = FF1654BE23F3C1400004D919 /* MemoDetailViewController.swift */; };
		FF1654C123F3C1D90004D919 /* MemoEditViewController.swift in Sources */ = {isa = PBXBuildFile; fileRef = FF1654C023F3C1D90004D919 /* MemoEditViewController.swift */; };
		FF1654C323F3C3A30004D919 /* ImageCollectionView.swift in Sources */ = {isa = PBXBuildFile; fileRef = FF1654C223F3C3A30004D919 /* ImageCollectionView.swift */; };
		FF1654C723F4F6610004D919 /* MemoApplication.xcdatamodeld in Sources */ = {isa = PBXBuildFile; fileRef = FF1654C523F4F6610004D919 /* MemoApplication.xcdatamodeld */; };
		FF16556A23F502EF0004D919 /* MemoApplicationTests.swift in Sources */ = {isa = PBXBuildFile; fileRef = FF16556923F502EF0004D919 /* MemoApplicationTests.swift */; };
		FF16557223F520560004D919 /* MemoDataService.swift in Sources */ = {isa = PBXBuildFile; fileRef = FF16557123F520560004D919 /* MemoDataService.swift */; };
		FF16557623F529A40004D919 /* CustomCollectionCell.swift in Sources */ = {isa = PBXBuildFile; fileRef = FF16557523F529A40004D919 /* CustomCollectionCell.swift */; };
/* End PBXBuildFile section */

/* Begin PBXContainerItemProxy section */
		FF16556C23F502EF0004D919 /* PBXContainerItemProxy */ = {
			isa = PBXContainerItemProxy;
			containerPortal = FF16548F23F3B5810004D919 /* Project object */;
			proxyType = 1;
			remoteGlobalIDString = FF16549623F3B5810004D919;
			remoteInfo = MemoApplication;
		};
/* End PBXContainerItemProxy section */

/* Begin PBXFileReference section */
		3038FB92C78629143E2424D7 /* Pods-MemoApplication.release.xcconfig */ = {isa = PBXFileReference; includeInIndex = 1; lastKnownFileType = text.xcconfig; name = "Pods-MemoApplication.release.xcconfig"; path = "Target Support Files/Pods-MemoApplication/Pods-MemoApplication.release.xcconfig"; sourceTree = "<group>"; };
		31085DC70B4CB4D3F3F65310 /* Pods-MemoApplicationTests.debug.xcconfig */ = {isa = PBXFileReference; includeInIndex = 1; lastKnownFileType = text.xcconfig; name = "Pods-MemoApplicationTests.debug.xcconfig"; path = "Target Support Files/Pods-MemoApplicationTests/Pods-MemoApplicationTests.debug.xcconfig"; sourceTree = "<group>"; };
		6F442AB87DCE77660A33ECC2 /* Pods_MemoApplication.framework */ = {isa = PBXFileReference; explicitFileType = wrapper.framework; includeInIndex = 0; path = Pods_MemoApplication.framework; sourceTree = BUILT_PRODUCTS_DIR; };
		743DB064B977A57E49F3FCD1 /* Pods-MemoApplication.debug.xcconfig */ = {isa = PBXFileReference; includeInIndex = 1; lastKnownFileType = text.xcconfig; name = "Pods-MemoApplication.debug.xcconfig"; path = "Target Support Files/Pods-MemoApplication/Pods-MemoApplication.debug.xcconfig"; sourceTree = "<group>"; };
		BC8CCB077A91BA47BBA520B1 /* Pods_MemoApplicationTests.framework */ = {isa = PBXFileReference; explicitFileType = wrapper.framework; includeInIndex = 0; path = Pods_MemoApplicationTests.framework; sourceTree = BUILT_PRODUCTS_DIR; };
		CEF4575184F40FAE094A404B /* Pods-MemoApplicationTests.release.xcconfig */ = {isa = PBXFileReference; includeInIndex = 1; lastKnownFileType = text.xcconfig; name = "Pods-MemoApplicationTests.release.xcconfig"; path = "Target Support Files/Pods-MemoApplicationTests/Pods-MemoApplicationTests.release.xcconfig"; sourceTree = "<group>"; };
		FF16549723F3B5810004D919 /* MemoApplication.app */ = {isa = PBXFileReference; explicitFileType = wrapper.application; includeInIndex = 0; path = MemoApplication.app; sourceTree = BUILT_PRODUCTS_DIR; };
		FF16549A23F3B5810004D919 /* AppDelegate.swift */ = {isa = PBXFileReference; lastKnownFileType = sourcecode.swift; path = AppDelegate.swift; sourceTree = "<group>"; };
		FF16549E23F3B5810004D919 /* MemoListViewController.swift */ = {isa = PBXFileReference; lastKnownFileType = sourcecode.swift; path = MemoListViewController.swift; sourceTree = "<group>"; };
		FF1654A123F3B5810004D919 /* Base */ = {isa = PBXFileReference; lastKnownFileType = file.storyboard; name = Base; path = Base.lproj/Main.storyboard; sourceTree = "<group>"; };
		FF1654A323F3B5830004D919 /* Assets.xcassets */ = {isa = PBXFileReference; lastKnownFileType = folder.assetcatalog; path = Assets.xcassets; sourceTree = "<group>"; };
		FF1654A623F3B5830004D919 /* Base */ = {isa = PBXFileReference; lastKnownFileType = file.storyboard; name = Base; path = Base.lproj/LaunchScreen.storyboard; sourceTree = "<group>"; };
		FF1654A823F3B5830004D919 /* Info.plist */ = {isa = PBXFileReference; lastKnownFileType = text.plist.xml; path = Info.plist; sourceTree = "<group>"; };
		FF1654BC23F3BBD70004D919 /* CustomTableViewCell.swift */ = {isa = PBXFileReference; lastKnownFileType = sourcecode.swift; path = CustomTableViewCell.swift; sourceTree = "<group>"; };
		FF1654BE23F3C1400004D919 /* MemoDetailViewController.swift */ = {isa = PBXFileReference; lastKnownFileType = sourcecode.swift; path = MemoDetailViewController.swift; sourceTree = "<group>"; };
		FF1654C023F3C1D90004D919 /* MemoEditViewController.swift */ = {isa = PBXFileReference; lastKnownFileType = sourcecode.swift; path = MemoEditViewController.swift; sourceTree = "<group>"; };
		FF1654C223F3C3A30004D919 /* ImageCollectionView.swift */ = {isa = PBXFileReference; lastKnownFileType = sourcecode.swift; path = ImageCollectionView.swift; sourceTree = "<group>"; };
		FF1654C623F4F6610004D919 /* Model.xcdatamodel */ = {isa = PBXFileReference; lastKnownFileType = wrapper.xcdatamodel; path = Model.xcdatamodel; sourceTree = "<group>"; };
		FF16556723F502EF0004D919 /* MemoApplicationTests.xctest */ = {isa = PBXFileReference; explicitFileType = wrapper.cfbundle; includeInIndex = 0; path = MemoApplicationTests.xctest; sourceTree = BUILT_PRODUCTS_DIR; };
		FF16556923F502EF0004D919 /* MemoApplicationTests.swift */ = {isa = PBXFileReference; lastKnownFileType = sourcecode.swift; path = MemoApplicationTests.swift; sourceTree = "<group>"; };
		FF16556B23F502EF0004D919 /* Info.plist */ = {isa = PBXFileReference; lastKnownFileType = text.plist.xml; path = Info.plist; sourceTree = "<group>"; };
		FF16557123F520560004D919 /* MemoDataService.swift */ = {isa = PBXFileReference; lastKnownFileType = sourcecode.swift; path = MemoDataService.swift; sourceTree = "<group>"; };
		FF16557523F529A40004D919 /* CustomCollectionCell.swift */ = {isa = PBXFileReference; lastKnownFileType = sourcecode.swift; path = CustomCollectionCell.swift; sourceTree = "<group>"; };
/* End PBXFileReference section */

/* Begin PBXFrameworksBuildPhase section */
		FF16549423F3B5810004D919 /* Frameworks */ = {
			isa = PBXFrameworksBuildPhase;
			buildActionMask = 2147483647;
			files = (
				FB4F7D2346A57DD5516895FA /* Pods_MemoApplication.framework in Frameworks */,
			);
			runOnlyForDeploymentPostprocessing = 0;
		};
		FF16556423F502EF0004D919 /* Frameworks */ = {
			isa = PBXFrameworksBuildPhase;
			buildActionMask = 2147483647;
			files = (
				2EB4C2508F849BA6052DA484 /* Pods_MemoApplicationTests.framework in Frameworks */,
			);
			runOnlyForDeploymentPostprocessing = 0;
		};
/* End PBXFrameworksBuildPhase section */

/* Begin PBXGroup section */
		B870C774F294E8C49F87CBED /* Frameworks */ = {
			isa = PBXGroup;
			children = (
				6F442AB87DCE77660A33ECC2 /* Pods_MemoApplication.framework */,
				BC8CCB077A91BA47BBA520B1 /* Pods_MemoApplicationTests.framework */,
			);
			name = Frameworks;
			sourceTree = "<group>";
		};
		C5842EAC22D4A712FD320B46 /* Pods */ = {
			isa = PBXGroup;
			children = (
				743DB064B977A57E49F3FCD1 /* Pods-MemoApplication.debug.xcconfig */,
				3038FB92C78629143E2424D7 /* Pods-MemoApplication.release.xcconfig */,
				31085DC70B4CB4D3F3F65310 /* Pods-MemoApplicationTests.debug.xcconfig */,
				CEF4575184F40FAE094A404B /* Pods-MemoApplicationTests.release.xcconfig */,
			);
			path = Pods;
			sourceTree = "<group>";
		};
		FF16548E23F3B5810004D919 = {
			isa = PBXGroup;
			children = (
				FF16549923F3B5810004D919 /* MemoApplication */,
				FF16556823F502EF0004D919 /* MemoApplicationTests */,
				FF16549823F3B5810004D919 /* Products */,
				C5842EAC22D4A712FD320B46 /* Pods */,
				B870C774F294E8C49F87CBED /* Frameworks */,
			);
			sourceTree = "<group>";
		};
		FF16549823F3B5810004D919 /* Products */ = {
			isa = PBXGroup;
			children = (
				FF16549723F3B5810004D919 /* MemoApplication.app */,
				FF16556723F502EF0004D919 /* MemoApplicationTests.xctest */,
			);
			name = Products;
			sourceTree = "<group>";
		};
		FF16549923F3B5810004D919 /* MemoApplication */ = {
			isa = PBXGroup;
			children = (
				FF1654C523F4F6610004D919 /* MemoApplication.xcdatamodeld */,
				FF16557423F5295B0004D919 /* Services */,
				FF16549A23F3B5810004D919 /* AppDelegate.swift */,
				FF16549E23F3B5810004D919 /* MemoListViewController.swift */,
				FF1654BE23F3C1400004D919 /* MemoDetailViewController.swift */,
				FF1654C023F3C1D90004D919 /* MemoEditViewController.swift */,
				FF1654C223F3C3A30004D919 /* ImageCollectionView.swift */,
				FF16557323F5293E0004D919 /* Views */,
				FF1654A023F3B5810004D919 /* Main.storyboard */,
				FF1654A323F3B5830004D919 /* Assets.xcassets */,
				FF1654A523F3B5830004D919 /* LaunchScreen.storyboard */,
				FF1654A823F3B5830004D919 /* Info.plist */,
			);
			path = MemoApplication;
			sourceTree = "<group>";
		};
		FF16556823F502EF0004D919 /* MemoApplicationTests */ = {
			isa = PBXGroup;
			children = (
				FF16556923F502EF0004D919 /* MemoApplicationTests.swift */,
				FF16556B23F502EF0004D919 /* Info.plist */,
			);
			path = MemoApplicationTests;
			sourceTree = "<group>";
		};
		FF16557323F5293E0004D919 /* Views */ = {
			isa = PBXGroup;
			children = (
				FF1654BC23F3BBD70004D919 /* CustomTableViewCell.swift */,
				FF16557523F529A40004D919 /* CustomCollectionCell.swift */,
			);
			path = Views;
			sourceTree = "<group>";
		};
		FF16557423F5295B0004D919 /* Services */ = {
			isa = PBXGroup;
			children = (
				FF16557123F520560004D919 /* MemoDataService.swift */,
			);
			path = Services;
			sourceTree = "<group>";
		};
/* End PBXGroup section */

/* Begin PBXNativeTarget section */
		FF16549623F3B5810004D919 /* MemoApplication */ = {
			isa = PBXNativeTarget;
			buildConfigurationList = FF1654B623F3B5840004D919 /* Build configuration list for PBXNativeTarget "MemoApplication" */;
			buildPhases = (
				E43B97A480B1F721E623DDFD /* [CP] Check Pods Manifest.lock */,
				FF16549323F3B5810004D919 /* Sources */,
				FF16549423F3B5810004D919 /* Frameworks */,
				FF16549523F3B5810004D919 /* Resources */,
				001ED9A390BB8B9B27229E60 /* [CP] Embed Pods Frameworks */,
			);
			buildRules = (
			);
			dependencies = (
			);
			name = MemoApplication;
			productName = MemoApplication;
			productReference = FF16549723F3B5810004D919 /* MemoApplication.app */;
			productType = "com.apple.product-type.application";
		};
		FF16556623F502EF0004D919 /* MemoApplicationTests */ = {
			isa = PBXNativeTarget;
			buildConfigurationList = FF16556E23F502EF0004D919 /* Build configuration list for PBXNativeTarget "MemoApplicationTests" */;
			buildPhases = (
				257A9B7DA91D399A46EB8DD0 /* [CP] Check Pods Manifest.lock */,
				FF16556323F502EF0004D919 /* Sources */,
				FF16556423F502EF0004D919 /* Frameworks */,
				FF16556523F502EF0004D919 /* Resources */,
			);
			buildRules = (
			);
			dependencies = (
				FF16556D23F502EF0004D919 /* PBXTargetDependency */,
			);
			name = MemoApplicationTests;
			productName = MemoApplicationTests;
			productReference = FF16556723F502EF0004D919 /* MemoApplicationTests.xctest */;
			productType = "com.apple.product-type.bundle.unit-test";
		};
/* End PBXNativeTarget section */

/* Begin PBXProject section */
		FF16548F23F3B5810004D919 /* Project object */ = {
			isa = PBXProject;
			attributes = {
				LastSwiftUpdateCheck = 1130;
				LastUpgradeCheck = 1130;
				ORGANIZATIONNAME = "이준수";
				TargetAttributes = {
					FF16549623F3B5810004D919 = {
						CreatedOnToolsVersion = 11.3.1;
					};
					FF16556623F502EF0004D919 = {
						CreatedOnToolsVersion = 11.3.1;
						TestTargetID = FF16549623F3B5810004D919;
					};
				};
			};
			buildConfigurationList = FF16549223F3B5810004D919 /* Build configuration list for PBXProject "MemoApplication" */;
			compatibilityVersion = "Xcode 9.3";
			developmentRegion = en;
			hasScannedForEncodings = 0;
			knownRegions = (
				en,
				Base,
			);
			mainGroup = FF16548E23F3B5810004D919;
			productRefGroup = FF16549823F3B5810004D919 /* Products */;
			projectDirPath = "";
			projectRoot = "";
			targets = (
				FF16549623F3B5810004D919 /* MemoApplication */,
				FF16556623F502EF0004D919 /* MemoApplicationTests */,
			);
		};
/* End PBXProject section */

/* Begin PBXResourcesBuildPhase section */
		FF16549523F3B5810004D919 /* Resources */ = {
			isa = PBXResourcesBuildPhase;
			buildActionMask = 2147483647;
			files = (
				FF1654A723F3B5830004D919 /* LaunchScreen.storyboard in Resources */,
				FF1654A423F3B5830004D919 /* Assets.xcassets in Resources */,
				FF1654A223F3B5810004D919 /* Main.storyboard in Resources */,
			);
			runOnlyForDeploymentPostprocessing = 0;
		};
		FF16556523F502EF0004D919 /* Resources */ = {
			isa = PBXResourcesBuildPhase;
			buildActionMask = 2147483647;
			files = (
			);
			runOnlyForDeploymentPostprocessing = 0;
		};
/* End PBXResourcesBuildPhase section */

/* Begin PBXShellScriptBuildPhase section */
		001ED9A390BB8B9B27229E60 /* [CP] Embed Pods Frameworks */ = {
			isa = PBXShellScriptBuildPhase;
			buildActionMask = 2147483647;
			files = (
			);
			inputFileListPaths = (
				"${PODS_ROOT}/Target Support Files/Pods-MemoApplication/Pods-MemoApplication-frameworks-${CONFIGURATION}-input-files.xcfilelist",
			);
			name = "[CP] Embed Pods Frameworks";
			outputFileListPaths = (
				"${PODS_ROOT}/Target Support Files/Pods-MemoApplication/Pods-MemoApplication-frameworks-${CONFIGURATION}-output-files.xcfilelist",
			);
			runOnlyForDeploymentPostprocessing = 0;
			shellPath = /bin/sh;
			shellScript = "\"${PODS_ROOT}/Target Support Files/Pods-MemoApplication/Pods-MemoApplication-frameworks.sh\"\n";
			showEnvVarsInLog = 0;
		};
		257A9B7DA91D399A46EB8DD0 /* [CP] Check Pods Manifest.lock */ = {
			isa = PBXShellScriptBuildPhase;
			buildActionMask = 2147483647;
			files = (
			);
			inputFileListPaths = (
			);
			inputPaths = (
				"${PODS_PODFILE_DIR_PATH}/Podfile.lock",
				"${PODS_ROOT}/Manifest.lock",
			);
			name = "[CP] Check Pods Manifest.lock";
			outputFileListPaths = (
			);
			outputPaths = (
				"$(DERIVED_FILE_DIR)/Pods-MemoApplicationTests-checkManifestLockResult.txt",
			);
			runOnlyForDeploymentPostprocessing = 0;
			shellPath = /bin/sh;
			shellScript = "diff \"${PODS_PODFILE_DIR_PATH}/Podfile.lock\" \"${PODS_ROOT}/Manifest.lock\" > /dev/null\nif [ $? != 0 ] ; then\n    # print error to STDERR\n    echo \"error: The sandbox is not in sync with the Podfile.lock. Run 'pod install' or update your CocoaPods installation.\" >&2\n    exit 1\nfi\n# This output is used by Xcode 'outputs' to avoid re-running this script phase.\necho \"SUCCESS\" > \"${SCRIPT_OUTPUT_FILE_0}\"\n";
			showEnvVarsInLog = 0;
		};
		E43B97A480B1F721E623DDFD /* [CP] Check Pods Manifest.lock */ = {
			isa = PBXShellScriptBuildPhase;
			buildActionMask = 2147483647;
			files = (
			);
			inputFileListPaths = (
			);
			inputPaths = (
				"${PODS_PODFILE_DIR_PATH}/Podfile.lock",
				"${PODS_ROOT}/Manifest.lock",
			);
			name = "[CP] Check Pods Manifest.lock";
			outputFileListPaths = (
			);
			outputPaths = (
				"$(DERIVED_FILE_DIR)/Pods-MemoApplication-checkManifestLockResult.txt",
			);
			runOnlyForDeploymentPostprocessing = 0;
			shellPath = /bin/sh;
			shellScript = "diff \"${PODS_PODFILE_DIR_PATH}/Podfile.lock\" \"${PODS_ROOT}/Manifest.lock\" > /dev/null\nif [ $? != 0 ] ; then\n    # print error to STDERR\n    echo \"error: The sandbox is not in sync with the Podfile.lock. Run 'pod install' or update your CocoaPods installation.\" >&2\n    exit 1\nfi\n# This output is used by Xcode 'outputs' to avoid re-running this script phase.\necho \"SUCCESS\" > \"${SCRIPT_OUTPUT_FILE_0}\"\n";
			showEnvVarsInLog = 0;
		};
/* End PBXShellScriptBuildPhase section */

/* Begin PBXSourcesBuildPhase section */
		FF16549323F3B5810004D919 /* Sources */ = {
			isa = PBXSourcesBuildPhase;
			buildActionMask = 2147483647;
			files = (
				FF1654C123F3C1D90004D919 /* MemoEditViewController.swift in Sources */,
				FF16557223F520560004D919 /* MemoDataService.swift in Sources */,
				FF1654BF23F3C1400004D919 /* MemoDetailViewController.swift in Sources */,
				FF16549F23F3B5810004D919 /* MemoListViewController.swift in Sources */,
				FF1654C723F4F6610004D919 /* MemoApplication.xcdatamodeld in Sources */,
				FF1654C323F3C3A30004D919 /* ImageCollectionView.swift in Sources */,
				FF16549B23F3B5810004D919 /* AppDelegate.swift in Sources */,
				FF1654BD23F3BBD70004D919 /* CustomTableViewCell.swift in Sources */,
				FF16557623F529A40004D919 /* CustomCollectionCell.swift in Sources */,
			);
			runOnlyForDeploymentPostprocessing = 0;
		};
		FF16556323F502EF0004D919 /* Sources */ = {
			isa = PBXSourcesBuildPhase;
			buildActionMask = 2147483647;
			files = (
				FF16556A23F502EF0004D919 /* MemoApplicationTests.swift in Sources */,
			);
			runOnlyForDeploymentPostprocessing = 0;
		};
/* End PBXSourcesBuildPhase section */

/* Begin PBXTargetDependency section */
		FF16556D23F502EF0004D919 /* PBXTargetDependency */ = {
			isa = PBXTargetDependency;
			target = FF16549623F3B5810004D919 /* MemoApplication */;
			targetProxy = FF16556C23F502EF0004D919 /* PBXContainerItemProxy */;
		};
/* End PBXTargetDependency section */

/* Begin PBXVariantGroup section */
		FF1654A023F3B5810004D919 /* Main.storyboard */ = {
			isa = PBXVariantGroup;
			children = (
				FF1654A123F3B5810004D919 /* Base */,
			);
			name = Main.storyboard;
			sourceTree = "<group>";
		};
		FF1654A523F3B5830004D919 /* LaunchScreen.storyboard */ = {
			isa = PBXVariantGroup;
			children = (
				FF1654A623F3B5830004D919 /* Base */,
			);
			name = LaunchScreen.storyboard;
			sourceTree = "<group>";
		};
/* End PBXVariantGroup section */

/* Begin XCBuildConfiguration section */
		FF1654B423F3B5840004D919 /* Debug */ = {
			isa = XCBuildConfiguration;
			buildSettings = {
				ALWAYS_SEARCH_USER_PATHS = NO;
				CLANG_ANALYZER_NONNULL = YES;
				CLANG_ANALYZER_NUMBER_OBJECT_CONVERSION = YES_AGGRESSIVE;
				CLANG_CXX_LANGUAGE_STANDARD = "gnu++14";
				CLANG_CXX_LIBRARY = "libc++";
				CLANG_ENABLE_MODULES = YES;
				CLANG_ENABLE_OBJC_ARC = YES;
				CLANG_ENABLE_OBJC_WEAK = YES;
				CLANG_WARN_BLOCK_CAPTURE_AUTORELEASING = YES;
				CLANG_WARN_BOOL_CONVERSION = YES;
				CLANG_WARN_COMMA = YES;
				CLANG_WARN_CONSTANT_CONVERSION = YES;
				CLANG_WARN_DEPRECATED_OBJC_IMPLEMENTATIONS = YES;
				CLANG_WARN_DIRECT_OBJC_ISA_USAGE = YES_ERROR;
				CLANG_WARN_DOCUMENTATION_COMMENTS = YES;
				CLANG_WARN_EMPTY_BODY = YES;
				CLANG_WARN_ENUM_CONVERSION = YES;
				CLANG_WARN_INFINITE_RECURSION = YES;
				CLANG_WARN_INT_CONVERSION = YES;
				CLANG_WARN_NON_LITERAL_NULL_CONVERSION = YES;
				CLANG_WARN_OBJC_IMPLICIT_RETAIN_SELF = YES;
				CLANG_WARN_OBJC_LITERAL_CONVERSION = YES;
				CLANG_WARN_OBJC_ROOT_CLASS = YES_ERROR;
				CLANG_WARN_RANGE_LOOP_ANALYSIS = YES;
				CLANG_WARN_STRICT_PROTOTYPES = YES;
				CLANG_WARN_SUSPICIOUS_MOVE = YES;
				CLANG_WARN_UNGUARDED_AVAILABILITY = YES_AGGRESSIVE;
				CLANG_WARN_UNREACHABLE_CODE = YES;
				CLANG_WARN__DUPLICATE_METHOD_MATCH = YES;
				COPY_PHASE_STRIP = NO;
				DEBUG_INFORMATION_FORMAT = dwarf;
				ENABLE_STRICT_OBJC_MSGSEND = YES;
				ENABLE_TESTABILITY = YES;
				GCC_C_LANGUAGE_STANDARD = gnu11;
				GCC_DYNAMIC_NO_PIC = NO;
				GCC_NO_COMMON_BLOCKS = YES;
				GCC_OPTIMIZATION_LEVEL = 0;
				GCC_PREPROCESSOR_DEFINITIONS = (
					"DEBUG=1",
					"$(inherited)",
				);
				GCC_WARN_64_TO_32_BIT_CONVERSION = YES;
				GCC_WARN_ABOUT_RETURN_TYPE = YES_ERROR;
				GCC_WARN_UNDECLARED_SELECTOR = YES;
				GCC_WARN_UNINITIALIZED_AUTOS = YES_AGGRESSIVE;
				GCC_WARN_UNUSED_FUNCTION = YES;
				GCC_WARN_UNUSED_VARIABLE = YES;
				IPHONEOS_DEPLOYMENT_TARGET = 10.0;
				MTL_ENABLE_DEBUG_INFO = INCLUDE_SOURCE;
				MTL_FAST_MATH = YES;
				ONLY_ACTIVE_ARCH = YES;
				SDKROOT = iphoneos;
				SWIFT_ACTIVE_COMPILATION_CONDITIONS = DEBUG;
				SWIFT_OPTIMIZATION_LEVEL = "-Onone";
			};
			name = Debug;
		};
		FF1654B523F3B5840004D919 /* Release */ = {
			isa = XCBuildConfiguration;
			buildSettings = {
				ALWAYS_SEARCH_USER_PATHS = NO;
				CLANG_ANALYZER_NONNULL = YES;
				CLANG_ANALYZER_NUMBER_OBJECT_CONVERSION = YES_AGGRESSIVE;
				CLANG_CXX_LANGUAGE_STANDARD = "gnu++14";
				CLANG_CXX_LIBRARY = "libc++";
				CLANG_ENABLE_MODULES = YES;
				CLANG_ENABLE_OBJC_ARC = YES;
				CLANG_ENABLE_OBJC_WEAK = YES;
				CLANG_WARN_BLOCK_CAPTURE_AUTORELEASING = YES;
				CLANG_WARN_BOOL_CONVERSION = YES;
				CLANG_WARN_COMMA = YES;
				CLANG_WARN_CONSTANT_CONVERSION = YES;
				CLANG_WARN_DEPRECATED_OBJC_IMPLEMENTATIONS = YES;
				CLANG_WARN_DIRECT_OBJC_ISA_USAGE = YES_ERROR;
				CLANG_WARN_DOCUMENTATION_COMMENTS = YES;
				CLANG_WARN_EMPTY_BODY = YES;
				CLANG_WARN_ENUM_CONVERSION = YES;
				CLANG_WARN_INFINITE_RECURSION = YES;
				CLANG_WARN_INT_CONVERSION = YES;
				CLANG_WARN_NON_LITERAL_NULL_CONVERSION = YES;
				CLANG_WARN_OBJC_IMPLICIT_RETAIN_SELF = YES;
				CLANG_WARN_OBJC_LITERAL_CONVERSION = YES;
				CLANG_WARN_OBJC_ROOT_CLASS = YES_ERROR;
				CLANG_WARN_RANGE_LOOP_ANALYSIS = YES;
				CLANG_WARN_STRICT_PROTOTYPES = YES;
				CLANG_WARN_SUSPICIOUS_MOVE = YES;
				CLANG_WARN_UNGUARDED_AVAILABILITY = YES_AGGRESSIVE;
				CLANG_WARN_UNREACHABLE_CODE = YES;
				CLANG_WARN__DUPLICATE_METHOD_MATCH = YES;
				COPY_PHASE_STRIP = NO;
				DEBUG_INFORMATION_FORMAT = "dwarf-with-dsym";
				ENABLE_NS_ASSERTIONS = NO;
				ENABLE_STRICT_OBJC_MSGSEND = YES;
				GCC_C_LANGUAGE_STANDARD = gnu11;
				GCC_NO_COMMON_BLOCKS = YES;
				GCC_WARN_64_TO_32_BIT_CONVERSION = YES;
				GCC_WARN_ABOUT_RETURN_TYPE = YES_ERROR;
				GCC_WARN_UNDECLARED_SELECTOR = YES;
				GCC_WARN_UNINITIALIZED_AUTOS = YES_AGGRESSIVE;
				GCC_WARN_UNUSED_FUNCTION = YES;
				GCC_WARN_UNUSED_VARIABLE = YES;
				IPHONEOS_DEPLOYMENT_TARGET = 10.0;
				MTL_ENABLE_DEBUG_INFO = NO;
				MTL_FAST_MATH = YES;
				SDKROOT = iphoneos;
				SWIFT_COMPILATION_MODE = wholemodule;
				SWIFT_OPTIMIZATION_LEVEL = "-O";
				VALIDATE_PRODUCT = YES;
			};
			name = Release;
		};
		FF1654B723F3B5840004D919 /* Debug */ = {
			isa = XCBuildConfiguration;
			baseConfigurationReference = 743DB064B977A57E49F3FCD1 /* Pods-MemoApplication.debug.xcconfig */;
			buildSettings = {
				ASSETCATALOG_COMPILER_APPICON_NAME = AppIcon;
				CODE_SIGN_STYLE = Automatic;
				DEVELOPMENT_TEAM = Q8ZH9Z7LV2;
				INFOPLIST_FILE = MemoApplication/Info.plist;
				IPHONEOS_DEPLOYMENT_TARGET = 10.0;
				LD_RUNPATH_SEARCH_PATHS = (
					"$(inherited)",
					"@executable_path/Frameworks",
				);
				PRODUCT_BUNDLE_IDENTIFIER = kr.paulo.MemoApplication;
				PRODUCT_NAME = "$(TARGET_NAME)";
				SWIFT_VERSION = 5.0;
				TARGETED_DEVICE_FAMILY = "1,2";
			};
			name = Debug;
		};
		FF1654B823F3B5840004D919 /* Release */ = {
			isa = XCBuildConfiguration;
			baseConfigurationReference = 3038FB92C78629143E2424D7 /* Pods-MemoApplication.release.xcconfig */;
			buildSettings = {
				ASSETCATALOG_COMPILER_APPICON_NAME = AppIcon;
				CODE_SIGN_STYLE = Automatic;
				DEVELOPMENT_TEAM = Q8ZH9Z7LV2;
				INFOPLIST_FILE = MemoApplication/Info.plist;
				IPHONEOS_DEPLOYMENT_TARGET = 10.0;
				LD_RUNPATH_SEARCH_PATHS = (
					"$(inherited)",
					"@executable_path/Frameworks",
				);
				PRODUCT_BUNDLE_IDENTIFIER = kr.paulo.MemoApplication;
				PRODUCT_NAME = "$(TARGET_NAME)";
				SWIFT_VERSION = 5.0;
				TARGETED_DEVICE_FAMILY = "1,2";
			};
			name = Release;
		};
		FF16556F23F502EF0004D919 /* Debug */ = {
			isa = XCBuildConfiguration;
			baseConfigurationReference = 31085DC70B4CB4D3F3F65310 /* Pods-MemoApplicationTests.debug.xcconfig */;
			buildSettings = {
				BUNDLE_LOADER = "$(TEST_HOST)";
				CODE_SIGN_STYLE = Automatic;
				DEVELOPMENT_TEAM = Q8ZH9Z7LV2;
				INFOPLIST_FILE = MemoApplicationTests/Info.plist;
				IPHONEOS_DEPLOYMENT_TARGET = 10.0;
				LD_RUNPATH_SEARCH_PATHS = (
					"$(inherited)",
					"@executable_path/Frameworks",
					"@loader_path/Frameworks",
				);
				PRODUCT_BUNDLE_IDENTIFIER = kr.paulo.MemoApplicationTests;
				PRODUCT_NAME = "$(TARGET_NAME)";
				SWIFT_VERSION = 5.0;
				TARGETED_DEVICE_FAMILY = "1,2";
				TEST_HOST = "$(BUILT_PRODUCTS_DIR)/MemoApplication.app/MemoApplication";
			};
			name = Debug;
		};
		FF16557023F502EF0004D919 /* Release */ = {
			isa = XCBuildConfiguration;
			baseConfigurationReference = CEF4575184F40FAE094A404B /* Pods-MemoApplicationTests.release.xcconfig */;
			buildSettings = {
				BUNDLE_LOADER = "$(TEST_HOST)";
				CODE_SIGN_STYLE = Automatic;
				DEVELOPMENT_TEAM = Q8ZH9Z7LV2;
				INFOPLIST_FILE = MemoApplicationTests/Info.plist;
				IPHONEOS_DEPLOYMENT_TARGET = 10.0;
				LD_RUNPATH_SEARCH_PATHS = (
					"$(inherited)",
					"@executable_path/Frameworks",
					"@loader_path/Frameworks",
				);
				PRODUCT_BUNDLE_IDENTIFIER = kr.paulo.MemoApplicationTests;
				PRODUCT_NAME = "$(TARGET_NAME)";
				SWIFT_VERSION = 5.0;
				TARGETED_DEVICE_FAMILY = "1,2";
				TEST_HOST = "$(BUILT_PRODUCTS_DIR)/MemoApplication.app/MemoApplication";
			};
			name = Release;
		};
/* End XCBuildConfiguration section */

/* Begin XCConfigurationList section */
		FF16549223F3B5810004D919 /* Build configuration list for PBXProject "MemoApplication" */ = {
			isa = XCConfigurationList;
			buildConfigurations = (
				FF1654B423F3B5840004D919 /* Debug */,
				FF1654B523F3B5840004D919 /* Release */,
			);
			defaultConfigurationIsVisible = 0;
			defaultConfigurationName = Release;
		};
		FF1654B623F3B5840004D919 /* Build configuration list for PBXNativeTarget "MemoApplication" */ = {
			isa = XCConfigurationList;
			buildConfigurations = (
				FF1654B723F3B5840004D919 /* Debug */,
				FF1654B823F3B5840004D919 /* Release */,
			);
			defaultConfigurationIsVisible = 0;
			defaultConfigurationName = Release;
		};
		FF16556E23F502EF0004D919 /* Build configuration list for PBXNativeTarget "MemoApplicationTests" */ = {
			isa = XCConfigurationList;
			buildConfigurations = (
				FF16556F23F502EF0004D919 /* Debug */,
				FF16557023F502EF0004D919 /* Release */,
			);
			defaultConfigurationIsVisible = 0;
			defaultConfigurationName = Release;
		};
/* End XCConfigurationList section */

/* Begin XCVersionGroup section */
		FF1654C523F4F6610004D919 /* MemoApplication.xcdatamodeld */ = {
			isa = XCVersionGroup;
			children = (
				FF1654C623F4F6610004D919 /* Model.xcdatamodel */,
			);
			currentVersion = FF1654C623F4F6610004D919 /* Model.xcdatamodel */;
			path = MemoApplication.xcdatamodeld;
			sourceTree = "<group>";
			versionGroupType = wrapper.xcdatamodel;
		};
/* End XCVersionGroup section */
	};
	rootObject = FF16548F23F3B5810004D919 /* Project object */;
}
